
Microsoft Visual Studio Solution File, Format Version 12.00
# Visual Studio Version 16
VisualStudioVersion = 16.0.29926.136
MinimumVisualStudioVersion = 10.0.40219.1
Project("{9A19103F-16F7-4668-BE54-9A1E7A4F7556}") = "Calculator", "src\Calculator\Calculator.csproj", "{096EAC7C-AB48-412A-AFDB-057F744C4171}"
EndProject
Project("{9A19103F-16F7-4668-BE54-9A1E7A4F7556}") = "Calculator.Core", "src\Calculator.Core\Calculator.Core.csproj", "{861A3598-8D92-4D26-AB8F-895D54E6EFCA}"
EndProject
Project("{2150E333-8FDC-42A3-9474-1A3956D46DE8}") = "src", "src", "{2270EE49-4297-4339-9DC7-EC31D78EA622}"
EndProject
Project("{2150E333-8FDC-42A3-9474-1A3956D46DE8}") = "test", "test", "{0D8FAF80-8761-4F70-85E6-23FBCEFEB990}"
EndProject
Global
	GlobalSection(SolutionConfigurationPlatforms) = preSolution
		Debug|Any CPU = Debug|Any CPU
		Release|Any CPU = Release|Any CPU
	EndGlobalSection
	GlobalSection(ProjectConfigurationPlatforms) = postSolution
		{096EAC7C-AB48-412A-AFDB-057F744C4171}.Debug|Any CPU.ActiveCfg = Debug|Any CPU
		{096EAC7C-AB48-412A-AFDB-057F744C4171}.Debug|Any CPU.Build.0 = Debug|Any CPU
		{096EAC7C-AB48-412A-AFDB-057F744C4171}.Release|Any CPU.ActiveCfg = Release|Any CPU
		{096EAC7C-AB48-412A-AFDB-057F744C4171}.Release|Any CPU.Build.0 = Release|Any CPU
		{861A3598-8D92-4D26-AB8F-895D54E6EFCA}.Debug|Any CPU.ActiveCfg = Debug|Any CPU
		{861A3598-8D92-4D26-AB8F-895D54E6EFCA}.Debug|Any CPU.Build.0 = Debug|Any CPU
		{861A3598-8D92-4D26-AB8F-895D54E6EFCA}.Release|Any CPU.ActiveCfg = Release|Any CPU
		{861A3598-8D92-4D26-AB8F-895D54E6EFCA}.Release|Any CPU.Build.0 = Release|Any CPU
	EndGlobalSection
	GlobalSection(SolutionProperties) = preSolution
		HideSolutionNode = FALSE
	EndGlobalSection
	GlobalSection(NestedProjects) = preSolution
		{096EAC7C-AB48-412A-AFDB-057F744C4171} = {2270EE49-4297-4339-9DC7-EC31D78EA622}
		{861A3598-8D92-4D26-AB8F-895D54E6EFCA} = {2270EE49-4297-4339-9DC7-EC31D78EA622}
	EndGlobalSection
	GlobalSection(ExtensibilityGlobals) = postSolution
		SolutionGuid = {07BA2B54-4E05-40D5-AE4B-E791FF46E515}
	EndGlobalSection
EndGlobal
